
Microsoft Visual Studio Solution File, Format Version 12.00
# Visual Studio Version 16
VisualStudioVersion = 16.0.30517.126
MinimumVisualStudioVersion = 10.0.40219.1
Project("{FAE04EC0-301F-11D3-BF4B-00C04F79EFBC}") = "UrlShortener", "UrlShortener.csproj", "{DDAD3643-3023-43DC-BD73-2E12D0859939}"
EndProject
Project("{FAE04EC0-301F-11D3-BF4B-00C04F79EFBC}") = "UrlShortener.Core", "..\UrlShortener.Core\UrlShortener.Core.csproj", "{FBF4CE72-A21D-474A-97F2-869A4657AA24}"
EndProject
Project("{FAE04EC0-301F-11D3-BF4B-00C04F79EFBC}") = "UrlShortener.Data", "..\UrlShortener.Data\UrlShortener.Data.csproj", "{336A134C-F9D1-49E8-B6C6-B4793D7351DF}"
EndProject
Project("{FAE04EC0-301F-11D3-BF4B-00C04F79EFBC}") = "UrlShortener.Services", "..\UrlShortener.Services\UrlShortener.Services.csproj", "{623F3AAA-480C-45F4-8CA4-62F81331A8B2}"
EndProject
Project("{FAE04EC0-301F-11D3-BF4B-00C04F79EFBC}") = "UrlShortenerTest", "..\UrlShortenerTest\UrlShortenerTest.csproj", "{2767341C-98B2-41A2-9897-395A2A642111}"
EndProject
Global
	GlobalSection(SolutionConfigurationPlatforms) = preSolution
		Debug|Any CPU = Debug|Any CPU
		Release|Any CPU = Release|Any CPU
	EndGlobalSection
	GlobalSection(ProjectConfigurationPlatforms) = postSolution
		{DDAD3643-3023-43DC-BD73-2E12D0859939}.Debug|Any CPU.ActiveCfg = Debug|Any CPU
		{DDAD3643-3023-43DC-BD73-2E12D0859939}.Debug|Any CPU.Build.0 = Debug|Any CPU
		{DDAD3643-3023-43DC-BD73-2E12D0859939}.Release|Any CPU.ActiveCfg = Release|Any CPU
		{DDAD3643-3023-43DC-BD73-2E12D0859939}.Release|Any CPU.Build.0 = Release|Any CPU
		{FBF4CE72-A21D-474A-97F2-869A4657AA24}.Debug|Any CPU.ActiveCfg = Debug|Any CPU
		{FBF4CE72-A21D-474A-97F2-869A4657AA24}.Debug|Any CPU.Build.0 = Debug|Any CPU
		{FBF4CE72-A21D-474A-97F2-869A4657AA24}.Release|Any CPU.ActiveCfg = Release|Any CPU
		{FBF4CE72-A21D-474A-97F2-869A4657AA24}.Release|Any CPU.Build.0 = Release|Any CPU
		{336A134C-F9D1-49E8-B6C6-B4793D7351DF}.Debug|Any CPU.ActiveCfg = Debug|Any CPU
		{336A134C-F9D1-49E8-B6C6-B4793D7351DF}.Debug|Any CPU.Build.0 = Debug|Any CPU
		{336A134C-F9D1-49E8-B6C6-B4793D7351DF}.Release|Any CPU.ActiveCfg = Release|Any CPU
		{336A134C-F9D1-49E8-B6C6-B4793D7351DF}.Release|Any CPU.Build.0 = Release|Any CPU
		{623F3AAA-480C-45F4-8CA4-62F81331A8B2}.Debug|Any CPU.ActiveCfg = Debug|Any CPU
		{623F3AAA-480C-45F4-8CA4-62F81331A8B2}.Debug|Any CPU.Build.0 = Debug|Any CPU
		{623F3AAA-480C-45F4-8CA4-62F81331A8B2}.Release|Any CPU.ActiveCfg = Release|Any CPU
		{623F3AAA-480C-45F4-8CA4-62F81331A8B2}.Release|Any CPU.Build.0 = Release|Any CPU
		{2767341C-98B2-41A2-9897-395A2A642111}.Debug|Any CPU.ActiveCfg = Debug|Any CPU
		{2767341C-98B2-41A2-9897-395A2A642111}.Debug|Any CPU.Build.0 = Debug|Any CPU
		{2767341C-98B2-41A2-9897-395A2A642111}.Release|Any CPU.ActiveCfg = Release|Any CPU
		{2767341C-98B2-41A2-9897-395A2A642111}.Release|Any CPU.Build.0 = Release|Any CPU
	EndGlobalSection
	GlobalSection(SolutionProperties) = preSolution
		HideSolutionNode = FALSE
	EndGlobalSection
	GlobalSection(ExtensibilityGlobals) = postSolution
		SolutionGuid = {6EB3614D-B935-43B1-8B4E-976205569C8B}
	EndGlobalSection
EndGlobal
